
Microsoft Visual Studio Solution File, Format Version 12.00
# Visual Studio Version 17
VisualStudioVersion = 17.5.33530.505
MinimumVisualStudioVersion = 10.0.40219.1
Project("{FAE04EC0-301F-11D3-BF4B-00C04F79EFBC}") = "Practica7", "Practica7\Practica7.csproj", "{DA3A766E-240A-46D1-B83F-13CC233E7593}"
EndProject
Global
	GlobalSection(SolutionConfigurationPlatforms) = preSolution
		Debug|Any CPU = Debug|Any CPU
		Release|Any CPU = Release|Any CPU
	EndGlobalSection
	GlobalSection(ProjectConfigurationPlatforms) = postSolution
		{DA3A766E-240A-46D1-B83F-13CC233E7593}.Debug|Any CPU.ActiveCfg = Debug|Any CPU
		{DA3A766E-240A-46D1-B83F-13CC233E7593}.Debug|Any CPU.Build.0 = Debug|Any CPU
		{DA3A766E-240A-46D1-B83F-13CC233E7593}.Release|Any CPU.ActiveCfg = Release|Any CPU
		{DA3A766E-240A-46D1-B83F-13CC233E7593}.Release|Any CPU.Build.0 = Release|Any CPU
	EndGlobalSection
	GlobalSection(SolutionProperties) = preSolution
		HideSolutionNode = FALSE
	EndGlobalSection
	GlobalSection(ExtensibilityGlobals) = postSolution
		SolutionGuid = {89DCDFE3-F63E-44CA-8121-91014800834A}
	EndGlobalSection
EndGlobal
